Microsoft Visual Studio Solution File, Format Version 9.00
# Visual Studio 2005
Project("{8BC9CEB8-8B4A-11D0-8D11-00A0C91BC942}") = "test", "test.vcproj", "{2549EACD-CFF3-4E40-BFC3-CAF55B6ABFBE}"
EndProject
Global
	GlobalSection(SolutionConfigurationPlatforms) = preSolution
		Debug|Win32 = Debug|Win32
		Release|Win32 = Release|Win32
	EndGlobalSection
	GlobalSection(ProjectConfigurationPlatforms) = postSolution
		{2549EACD-CFF3-4E40-BFC3-CAF55B6ABFBE}.Debug|Win32.ActiveCfg = Debug|Win32
		{2549EACD-CFF3-4E40-BFC3-CAF55B6ABFBE}.Debug|Win32.Build.0 = Debug|Win32
		{2549EACD-CFF3-4E40-BFC3-CAF55B6ABFBE}.Release|Win32.ActiveCfg = Release|Win32
		{2549EACD-CFF3-4E40-BFC3-CAF55B6ABFBE}.Release|Win32.Build.0 = Release|Win32
	EndGlobalSection
	GlobalSection(SolutionProperties) = preSolution
		HideSolutionNode = FALSE
	EndGlobalSection
EndGlobal
